
Microsoft Visual Studio Solution File, Format Version 12.00
# Visual Studio Version 17
VisualStudioVersion = 17.14.36203.30 d17.14
MinimumVisualStudioVersion = 10.0.40219.1
Project("{FAE04EC0-301F-11D3-BF4B-00C04F79EFBC}") = "ServiceCheck", "ServiceCheck\ServiceCheck.csproj", "{D4C83B22-12B2-4F38-88B9-488A2BB96DC4}"
EndProject
Global
	GlobalSection(SolutionConfigurationPlatforms) = preSolution
		Debug|Any CPU = Debug|Any CPU
		Release|Any CPU = Release|Any CPU
	EndGlobalSection
	GlobalSection(ProjectConfigurationPlatforms) = postSolution
		{D4C83B22-12B2-4F38-88B9-488A2BB96DC4}.Debug|Any CPU.ActiveCfg = Debug|Any CPU
		{D4C83B22-12B2-4F38-88B9-488A2BB96DC4}.Debug|Any CPU.Build.0 = Debug|Any CPU
		{D4C83B22-12B2-4F38-88B9-488A2BB96DC4}.Release|Any CPU.ActiveCfg = Release|Any CPU
		{D4C83B22-12B2-4F38-88B9-488A2BB96DC4}.Release|Any CPU.Build.0 = Release|Any CPU
	EndGlobalSection
	GlobalSection(SolutionProperties) = preSolution
		HideSolutionNode = FALSE
	EndGlobalSection
	GlobalSection(ExtensibilityGlobals) = postSolution
		SolutionGuid = {953A4A09-DE41-4EC1-B214-584B57425FDC}
	EndGlobalSection
EndGlobal
